
Microsoft Visual Studio Solution File, Format Version 12.00
# Visual Studio 15
VisualStudioVersion = 15.0.28307.757
MinimumVisualStudioVersion = 10.0.40219.1
Project("{9A19103F-16F7-4668-BE54-9A1E7A4F7556}") = "WebApi", "WebApi\WebApi.csproj", "{B40FB88D-8850-42DF-8FA3-ABA619385082}"
EndProject
Project("{9A19103F-16F7-4668-BE54-9A1E7A4F7556}") = "WebAPITests", "WebAPITests\WebAPITests.csproj", "{5BDD732B-ACBC-42C5-AF50-342554BDDF37}"
EndProject
Global
	GlobalSection(SolutionConfigurationPlatforms) = preSolution
		Debug|Any CPU = Debug|Any CPU
		Release|Any CPU = Release|Any CPU
	EndGlobalSection
	GlobalSection(ProjectConfigurationPlatforms) = postSolution
		{B40FB88D-8850-42DF-8FA3-ABA619385082}.Debug|Any CPU.ActiveCfg = Debug|Any CPU
		{B40FB88D-8850-42DF-8FA3-ABA619385082}.Debug|Any CPU.Build.0 = Debug|Any CPU
		{B40FB88D-8850-42DF-8FA3-ABA619385082}.Release|Any CPU.ActiveCfg = Release|Any CPU
		{B40FB88D-8850-42DF-8FA3-ABA619385082}.Release|Any CPU.Build.0 = Release|Any CPU
		{5BDD732B-ACBC-42C5-AF50-342554BDDF37}.Debug|Any CPU.ActiveCfg = Debug|Any CPU
		{5BDD732B-ACBC-42C5-AF50-342554BDDF37}.Debug|Any CPU.Build.0 = Debug|Any CPU
		{5BDD732B-ACBC-42C5-AF50-342554BDDF37}.Release|Any CPU.ActiveCfg = Release|Any CPU
		{5BDD732B-ACBC-42C5-AF50-342554BDDF37}.Release|Any CPU.Build.0 = Release|Any CPU
	EndGlobalSection
	GlobalSection(SolutionProperties) = preSolution
		HideSolutionNode = FALSE
	EndGlobalSection
	GlobalSection(ExtensibilityGlobals) = postSolution
		SolutionGuid = {CB99BBCA-21B6-45D8-ACDF-6D08EEF1A82E}
	EndGlobalSection
EndGlobal
